
Microsoft Visual Studio Solution File, Format Version 12.00
# Visual Studio 15
VisualStudioVersion = 15.0.26228.9
MinimumVisualStudioVersion = 10.0.40219.1
Project("{FAE04EC0-301F-11D3-BF4B-00C04F79EFBC}") = "WF_3Layer03", "WF_3Layer03\WF_3Layer03.csproj", "{4F63E86F-2CB2-4C84-8B45-93B671CC22CA}"
EndProject
Project("{FAE04EC0-301F-11D3-BF4B-00C04F79EFBC}") = "Core", "Core\Core.csproj", "{5F974FC7-2BE5-4A6B-8E51-8D00E57398F5}"
EndProject
Global
	GlobalSection(SolutionConfigurationPlatforms) = preSolution
		CD_ROM|Any CPU = CD_ROM|Any CPU
		Debug|Any CPU = Debug|Any CPU
		DVD-5|Any CPU = DVD-5|Any CPU
		Release|Any CPU = Release|Any CPU
		SingleImage|Any CPU = SingleImage|Any CPU
	EndGlobalSection
	GlobalSection(ProjectConfigurationPlatforms) = postSolution
		{4F63E86F-2CB2-4C84-8B45-93B671CC22CA}.CD_ROM|Any CPU.ActiveCfg = Release|Any CPU
		{4F63E86F-2CB2-4C84-8B45-93B671CC22CA}.CD_ROM|Any CPU.Build.0 = Release|Any CPU
		{4F63E86F-2CB2-4C84-8B45-93B671CC22CA}.Debug|Any CPU.ActiveCfg = Debug|Any CPU
		{4F63E86F-2CB2-4C84-8B45-93B671CC22CA}.Debug|Any CPU.Build.0 = Debug|Any CPU
		{4F63E86F-2CB2-4C84-8B45-93B671CC22CA}.DVD-5|Any CPU.ActiveCfg = Debug|Any CPU
		{4F63E86F-2CB2-4C84-8B45-93B671CC22CA}.DVD-5|Any CPU.Build.0 = Debug|Any CPU
		{4F63E86F-2CB2-4C84-8B45-93B671CC22CA}.Release|Any CPU.ActiveCfg = Release|Any CPU
		{4F63E86F-2CB2-4C84-8B45-93B671CC22CA}.Release|Any CPU.Build.0 = Release|Any CPU
		{4F63E86F-2CB2-4C84-8B45-93B671CC22CA}.SingleImage|Any CPU.ActiveCfg = Release|Any CPU
		{4F63E86F-2CB2-4C84-8B45-93B671CC22CA}.SingleImage|Any CPU.Build.0 = Release|Any CPU
		{5F974FC7-2BE5-4A6B-8E51-8D00E57398F5}.CD_ROM|Any CPU.ActiveCfg = Release|Any CPU
		{5F974FC7-2BE5-4A6B-8E51-8D00E57398F5}.CD_ROM|Any CPU.Build.0 = Release|Any CPU
		{5F974FC7-2BE5-4A6B-8E51-8D00E57398F5}.Debug|Any CPU.ActiveCfg = Debug|Any CPU
		{5F974FC7-2BE5-4A6B-8E51-8D00E57398F5}.Debug|Any CPU.Build.0 = Debug|Any CPU
		{5F974FC7-2BE5-4A6B-8E51-8D00E57398F5}.DVD-5|Any CPU.ActiveCfg = Debug|Any CPU
		{5F974FC7-2BE5-4A6B-8E51-8D00E57398F5}.DVD-5|Any CPU.Build.0 = Debug|Any CPU
		{5F974FC7-2BE5-4A6B-8E51-8D00E57398F5}.Release|Any CPU.ActiveCfg = Release|Any CPU
		{5F974FC7-2BE5-4A6B-8E51-8D00E57398F5}.Release|Any CPU.Build.0 = Release|Any CPU
		{5F974FC7-2BE5-4A6B-8E51-8D00E57398F5}.SingleImage|Any CPU.ActiveCfg = Release|Any CPU
		{5F974FC7-2BE5-4A6B-8E51-8D00E57398F5}.SingleImage|Any CPU.Build.0 = Release|Any CPU
	EndGlobalSection
	GlobalSection(SolutionProperties) = preSolution
		HideSolutionNode = FALSE
	EndGlobalSection
EndGlobal
